
Microsoft Visual Studio Solution File, Format Version 12.00
# Visual Studio Version 17
VisualStudioVersion = 17.3.32901.215
MinimumVisualStudioVersion = 10.0.40219.1
Project("{9A19103F-16F7-4668-BE54-9A1E7A4F7556}") = "YoutubeDiscordBot", "YoutubeDiscordBot\YoutubeDiscordBot.csproj", "{F4F455DF-9FCF-4B3C-ACC9-6C914106FDAF}"
EndProject
Project("{9A19103F-16F7-4668-BE54-9A1E7A4F7556}") = "YoutubeDiscordBotTest", "YoutubeDiscordBotTests\YoutubeDiscordBotTest.csproj", "{4B0C0F53-A4C1-4CCF-9CBE-012A3F256979}"
	ProjectSection(ProjectDependencies) = postProject
		{F4F455DF-9FCF-4B3C-ACC9-6C914106FDAF} = {F4F455DF-9FCF-4B3C-ACC9-6C914106FDAF}
	EndProjectSection
EndProject
Global
	GlobalSection(SolutionConfigurationPlatforms) = preSolution
		Debug|Any CPU = Debug|Any CPU
		Release|Any CPU = Release|Any CPU
	EndGlobalSection
	GlobalSection(ProjectConfigurationPlatforms) = postSolution
		{F4F455DF-9FCF-4B3C-ACC9-6C914106FDAF}.Debug|Any CPU.ActiveCfg = Debug|Any CPU
		{F4F455DF-9FCF-4B3C-ACC9-6C914106FDAF}.Debug|Any CPU.Build.0 = Debug|Any CPU
		{F4F455DF-9FCF-4B3C-ACC9-6C914106FDAF}.Release|Any CPU.ActiveCfg = Release|Any CPU
		{F4F455DF-9FCF-4B3C-ACC9-6C914106FDAF}.Release|Any CPU.Build.0 = Release|Any CPU
		{4B0C0F53-A4C1-4CCF-9CBE-012A3F256979}.Debug|Any CPU.ActiveCfg = Debug|Any CPU
		{4B0C0F53-A4C1-4CCF-9CBE-012A3F256979}.Debug|Any CPU.Build.0 = Debug|Any CPU
		{4B0C0F53-A4C1-4CCF-9CBE-012A3F256979}.Release|Any CPU.ActiveCfg = Release|Any CPU
		{4B0C0F53-A4C1-4CCF-9CBE-012A3F256979}.Release|Any CPU.Build.0 = Release|Any CPU
	EndGlobalSection
	GlobalSection(SolutionProperties) = preSolution
		HideSolutionNode = FALSE
	EndGlobalSection
	GlobalSection(ExtensibilityGlobals) = postSolution
		SolutionGuid = {6F8FF7D6-30E2-4290-A393-EF5937133E77}
	EndGlobalSection
EndGlobal
